PODS:
  - Cosmos (23.0.0)
  - Kingfisher (7.12.0)
  - ProgressHUD (2.51)
  - ReachabilitySwift (5.2.3)

DEPENDENCIES:
  - Cosmos (~> 23.0)
  - Kingfisher
  - ProgressHUD (from `https://github.com/relatedcode/ProgressHUD.git`, commit `83c3801e9aa69be157a47c40cdd8702bfaf29213`)
  - ReachabilitySwift

SPEC REPOS:
  trunk:
    - Cosmos
    - Kingfisher
    - ReachabilitySwift

EXTERNAL SOURCES:
  ProgressHUD:
    :commit: 83c3801e9aa69be157a47c40cdd8702bfaf29213
    :git: https://github.com/relatedcode/ProgressHUD.git

CHECKOUT OPTIONS:
  ProgressHUD:
    :commit: 83c3801e9aa69be157a47c40cdd8702bfaf29213
    :git: https://github.com/relatedcode/ProgressHUD.git

SPEC CHECKSUMS:
  Cosmos: b5c6a9a637e28a061b54c8f8b1d8529d7d4db73f
  Kingfisher: 53a10ea35051a436b5fb626ca2dd8f3144d755e9
  ProgressHUD: 54b4c2fa202bf3da7dddc1c698ae4e6376333bd9
  ReachabilitySwift: 7f151ff156cea1481a8411701195ac6a984f4979

PODFILE CHECKSUM: e4b1e902fb117a9fe04ebadcc5b0cba3d100291e

COCOAPODS: 1.15.2
